
Microsoft Visual Studio Solution File, Format Version 12.00
# Visual Studio Version 17
VisualStudioVersion = 17.10.35122.118
MinimumVisualStudioVersion = 10.0.40219.1
Project("{FAE04EC0-301F-11D3-BF4B-00C04F79EFBC}") = "NumbersWPF", "NumbersApp\NumbersWPF.csproj", "{06BF65F6-FEB4-467F-9401-AD76FA940D9F}"
EndProject
Project("{FAE04EC0-301F-11D3-BF4B-00C04F79EFBC}") = "NumbersConsole", "NumbersConsole\NumbersConsole.csproj", "{ABEFB45C-2D07-4C57-B56A-BA7905FBA33D}"
EndProject
Project("{FAE04EC0-301F-11D3-BF4B-00C04F79EFBC}") = "NumbersClassLibrary", "NumbersClassLibrary\NumbersClassLibrary.csproj", "{B5FABB8B-83BB-404E-A08A-05BDBB859C4F}"
EndProject
Global
	GlobalSection(SolutionConfigurationPlatforms) = preSolution
		Debug|Any CPU = Debug|Any CPU
		Release|Any CPU = Release|Any CPU
	EndGlobalSection
	GlobalSection(ProjectConfigurationPlatforms) = postSolution
		{06BF65F6-FEB4-467F-9401-AD76FA940D9F}.Debug|Any CPU.ActiveCfg = Debug|Any CPU
		{06BF65F6-FEB4-467F-9401-AD76FA940D9F}.Debug|Any CPU.Build.0 = Debug|Any CPU
		{06BF65F6-FEB4-467F-9401-AD76FA940D9F}.Release|Any CPU.ActiveCfg = Release|Any CPU
		{06BF65F6-FEB4-467F-9401-AD76FA940D9F}.Release|Any CPU.Build.0 = Release|Any CPU
		{ABEFB45C-2D07-4C57-B56A-BA7905FBA33D}.Debug|Any CPU.ActiveCfg = Debug|Any CPU
		{ABEFB45C-2D07-4C57-B56A-BA7905FBA33D}.Debug|Any CPU.Build.0 = Debug|Any CPU
		{ABEFB45C-2D07-4C57-B56A-BA7905FBA33D}.Release|Any CPU.ActiveCfg = Release|Any CPU
		{ABEFB45C-2D07-4C57-B56A-BA7905FBA33D}.Release|Any CPU.Build.0 = Release|Any CPU
		{B5FABB8B-83BB-404E-A08A-05BDBB859C4F}.Debug|Any CPU.ActiveCfg = Debug|Any CPU
		{B5FABB8B-83BB-404E-A08A-05BDBB859C4F}.Debug|Any CPU.Build.0 = Debug|Any CPU
		{B5FABB8B-83BB-404E-A08A-05BDBB859C4F}.Release|Any CPU.ActiveCfg = Release|Any CPU
		{B5FABB8B-83BB-404E-A08A-05BDBB859C4F}.Release|Any CPU.Build.0 = Release|Any CPU
	EndGlobalSection
	GlobalSection(SolutionProperties) = preSolution
		HideSolutionNode = FALSE
	EndGlobalSection
	GlobalSection(ExtensibilityGlobals) = postSolution
		SolutionGuid = {1C5D66F4-1D2C-40FC-9295-D2D6C655E7E3}
	EndGlobalSection
EndGlobal
